// !$*UTF8*$!
{
	archiveVersion = 1;
	classes = {
	};
	objectVersion = 46;
	objects = {

/* Begin PBXBuildFile section */
		000B2F40C73ED097333722B6 /* libPods-EspTouchDemoUITests.a in Frameworks */ = {isa = PBXBuildFile; fileRef = 902B2624CB2EBF882EE9796B /* libPods-EspTouchDemoUITests.a */; };
		077B600C1AC036C3000AC046 /* Foundation.framework in Frameworks */ = {isa = PBXBuildFile; fileRef = 077B600B1AC036C3000AC046 /* Foundation.framework */; };
		077B600E1AC036C3000AC046 /* CoreGraphics.framework in Frameworks */ = {isa = PBXBuildFile; fileRef = 077B600D1AC036C3000AC046 /* CoreGraphics.framework */; };
		077B60101AC036C3000AC046 /* UIKit.framework in Frameworks */ = {isa = PBXBuildFile; fileRef = 077B600F1AC036C3000AC046 /* UIKit.framework */; };
		077B60161AC036C3000AC046 /* InfoPlist.strings in Resources */ = {isa = PBXBuildFile; fileRef = 077B60141AC036C3000AC046 /* InfoPlist.strings */; };
		077B60181AC036C3000AC046 /* main.m in Sources */ = {isa = PBXBuildFile; fileRef = 077B60171AC036C3000AC046 /* main.m */; };
		077B601C1AC036C3000AC046 /* ESPAppDelegate.m in Sources */ = {isa = PBXBuildFile; fileRef = 077B601B1AC036C3000AC046 /* ESPAppDelegate.m */; };
		077B601F1AC036C3000AC046 /* Main.storyboard in Resources */ = {isa = PBXBuildFile; fileRef = 077B601D1AC036C3000AC046 /* Main.storyboard */; };
		077B60221AC036C3000AC046 /* ESPViewController.m in Sources */ = {isa = PBXBuildFile; fileRef = 077B60211AC036C3000AC046 /* ESPViewController.m */; };
		077B60241AC036C3000AC046 /* Images.xcassets in Resources */ = {isa = PBXBuildFile; fileRef = 077B60231AC036C3000AC046 /* Images.xcassets */; };
		0CB14C502175E12D00F5A7BF /* libEspTouch.a in Frameworks */ = {isa = PBXBuildFile; fileRef = 0CB14C4F2175E12D00F5A7BF /* libEspTouch.a */; };
		0CD949B0217DC70900E6D3B0 /* Screenshots.m in Sources */ = {isa = PBXBuildFile; fileRef = 0CD949AF217DC70900E6D3B0 /* Screenshots.m */; };
		0CD949B9217DC75200E6D3B0 /* SnapshotHelper.swift in Sources */ = {isa = PBXBuildFile; fileRef = 0CD949B8217DC75200E6D3B0 /* SnapshotHelper.swift */; };
/* End PBXBuildFile section */

/* Begin PBXContainerItemProxy section */
		0CD949B2217DC70900E6D3B0 /* PBXContainerItemProxy */ = {
			isa = PBXContainerItemProxy;
			containerPortal = 077B60001AC036C3000AC046 /* Project object */;
			proxyType = 1;
			remoteGlobalIDString = 077B60071AC036C3000AC046;
			remoteInfo = EspTouchDemo;
		};
/* End PBXContainerItemProxy section */

/* Begin PBXFileReference section */
		077B60081AC036C3000AC046 /* EspTouchDemo.app */ = {isa = PBXFileReference; explicitFileType = wrapper.application; includeInIndex = 0; path = EspTouchDemo.app; sourceTree = BUILT_PRODUCTS_DIR; };
		077B600B1AC036C3000AC046 /* Foundation.framework */ = {isa = PBXFileReference; lastKnownFileType = wrapper.framework; name = Foundation.framework; path = System/Library/Frameworks/Foundation.framework; sourceTree = SDKROOT; };
		077B600D1AC036C3000AC046 /* CoreGraphics.framework */ = {isa = PBXFileReference; lastKnownFileType = wrapper.framework; name = CoreGraphics.framework; path = System/Library/Frameworks/CoreGraphics.framework; sourceTree = SDKROOT; };
		077B600F1AC036C3000AC046 /* UIKit.framework */ = {isa = PBXFileReference; lastKnownFileType = wrapper.framework; name = UIKit.framework; path = System/Library/Frameworks/UIKit.framework; sourceTree = SDKROOT; };
		077B60131AC036C3000AC046 /* EspTouchDemo-Info.plist */ = {isa = PBXFileReference; lastKnownFileType = text.plist.xml; path = "EspTouchDemo-Info.plist"; sourceTree = "<group>"; };
		077B60151AC036C3000AC046 /* en */ = {isa = PBXFileReference; lastKnownFileType = text.plist.strings; name = en; path = en.lproj/InfoPlist.strings; sourceTree = "<group>"; };
		077B60171AC036C3000AC046 /* main.m */ = {isa = PBXFileReference; lastKnownFileType = sourcecode.c.objc; path = main.m; sourceTree = "<group>"; };
		077B60191AC036C3000AC046 /* EspTouchDemo-Prefix.pch */ = {isa = PBXFileReference; lastKnownFileType = sourcecode.c.h; path = "EspTouchDemo-Prefix.pch"; sourceTree = "<group>"; };
		077B601A1AC036C3000AC046 /* ESPAppDelegate.h */ = {isa = PBXFileReference; lastKnownFileType = sourcecode.c.h; path = ESPAppDelegate.h; sourceTree = "<group>"; };
		077B601B1AC036C3000AC046 /* ESPAppDelegate.m */ = {isa = PBXFileReference; lastKnownFileType = sourcecode.c.objc; path = ESPAppDelegate.m; sourceTree = "<group>"; };
		077B601E1AC036C3000AC046 /* Base */ = {isa = PBXFileReference; lastKnownFileType = file.storyboard; name = Base; path = Base.lproj/Main.storyboard; sourceTree = "<group>"; };
		077B60201AC036C3000AC046 /* ESPViewController.h */ = {isa = PBXFileReference; lastKnownFileType = sourcecode.c.h; path = ESPViewController.h; sourceTree = "<group>"; };
		077B60211AC036C3000AC046 /* ESPViewController.m */ = {isa = PBXFileReference; lastKnownFileType = sourcecode.c.objc; path = ESPViewController.m; sourceTree = "<group>"; };
		077B60231AC036C3000AC046 /* Images.xcassets */ = {isa = PBXFileReference; lastKnownFileType = folder.assetcatalog; path = Images.xcassets; sourceTree = "<group>"; };
		077B602A1AC036C3000AC046 /* XCTest.framework */ = {isa = PBXFileReference; lastKnownFileType = wrapper.framework; name = XCTest.framework; path = Library/Frameworks/XCTest.framework; sourceTree = DEVELOPER_DIR; };
		0CB14C4F2175E12D00F5A7BF /* libEspTouch.a */ = {isa = PBXFileReference; explicitFileType = archive.ar; path = libEspTouch.a; sourceTree = BUILT_PRODUCTS_DIR; };
		0CD949AD217DC70900E6D3B0 /* EspTouchDemoUITests.xctest */ = {isa = PBXFileReference; explicitFileType = wrapper.cfbundle; includeInIndex = 0; path = EspTouchDemoUITests.xctest; sourceTree = BUILT_PRODUCTS_DIR; };
		0CD949AF217DC70900E6D3B0 /* Screenshots.m */ = {isa = PBXFileReference; lastKnownFileType = sourcecode.c.objc; path = Screenshots.m; sourceTree = "<group>"; };
		0CD949B1217DC70900E6D3B0 /* Info.plist */ = {isa = PBXFileReference; lastKnownFileType = text.plist.xml; path = Info.plist; sourceTree = "<group>"; };
		0CD949B7217DC75100E6D3B0 /* EspTouchDemoUITests-Bridging-Header.h */ = {isa = PBXFileReference; lastKnownFileType = sourcecode.c.h; path = "EspTouchDemoUITests-Bridging-Header.h"; sourceTree = "<group>"; };
		0CD949B8217DC75200E6D3B0 /* SnapshotHelper.swift */ = {isa = PBXFileReference; fileEncoding = 4; lastKnownFileType = sourcecode.swift; name = SnapshotHelper.swift; path = fastlane/SnapshotHelper.swift; sourceTree = SOURCE_ROOT; };
		80501D1D216F43C200D32EDC /* EspTouchDemo.entitlements */ = {isa = PBXFileReference; lastKnownFileType = text.plist.entitlements; path = EspTouchDemo.entitlements; sourceTree = "<group>"; };
		902B2624CB2EBF882EE9796B /* libPods-EspTouchDemoUITests.a */ = {isa = PBXFileReference; explicitFileType = archive.ar; includeInIndex = 0; path = "libPods-EspTouchDemoUITests.a"; sourceTree = BUILT_PRODUCTS_DIR; };
		C58B90117BD82777E549CBAE /* Pods-EspTouchDemoUITests.debug.xcconfig */ = {isa = PBXFileReference; includeInIndex = 1; lastKnownFileType = text.xcconfig; name = "Pods-EspTouchDemoUITests.debug.xcconfig"; path = "Pods/Target Support Files/Pods-EspTouchDemoUITests/Pods-EspTouchDemoUITests.debug.xcconfig"; sourceTree = "<group>"; };
		E9EEC4A1735E07C63EC6C2B6 /* Pods-EspTouchDemoUITests.release.xcconfig */ = {isa = PBXFileReference; includeInIndex = 1; lastKnownFileType = text.xcconfig; name = "Pods-EspTouchDemoUITests.release.xcconfig"; path = "Pods/Target Support Files/Pods-EspTouchDemoUITests/Pods-EspTouchDemoUITests.release.xcconfig"; sourceTree = "<group>"; };
/* End PBXFileReference section */

/* Begin PBXFrameworksBuildPhase section */
		077B60051AC036C3000AC046 /* Frameworks */ = {
			isa = PBXFrameworksBuildPhase;
			buildActionMask = 2147483647;
			files = (
				0CB14C502175E12D00F5A7BF /* libEspTouch.a in Frameworks */,
				077B600E1AC036C3000AC046 /* CoreGraphics.framework in Frameworks */,
				077B60101AC036C3000AC046 /* UIKit.framework in Frameworks */,
				077B600C1AC036C3000AC046 /* Foundation.framework in Frameworks */,
			);
			runOnlyForDeploymentPostprocessing = 0;
		};
		0CD949AA217DC70900E6D3B0 /* Frameworks */ = {
			isa = PBXFrameworksBuildPhase;
			buildActionMask = 2147483647;
			files = (
				000B2F40C73ED097333722B6 /* libPods-EspTouchDemoUITests.a in Frameworks */,
			);
			runOnlyForDeploymentPostprocessing = 0;
		};
/* End PBXFrameworksBuildPhase section */

/* Begin PBXGroup section */
		077B5FFF1AC036C3000AC046 = {
			isa = PBXGroup;
			children = (
				077B60111AC036C3000AC046 /* EspTouchDemo */,
				0CD949AE217DC70900E6D3B0 /* EspTouchDemoUITests */,
				077B600A1AC036C3000AC046 /* Frameworks */,
				077B60091AC036C3000AC046 /* Products */,
				F6E113577F9B84FBA8D516F1 /* Pods */,
			);
			sourceTree = "<group>";
		};
		077B60091AC036C3000AC046 /* Products */ = {
			isa = PBXGroup;
			children = (
				077B60081AC036C3000AC046 /* EspTouchDemo.app */,
				0CD949AD217DC70900E6D3B0 /* EspTouchDemoUITests.xctest */,
			);
			name = Products;
			sourceTree = "<group>";
		};
		077B600A1AC036C3000AC046 /* Frameworks */ = {
			isa = PBXGroup;
			children = (
				0CB14C4F2175E12D00F5A7BF /* libEspTouch.a */,
				077B600B1AC036C3000AC046 /* Foundation.framework */,
				077B600D1AC036C3000AC046 /* CoreGraphics.framework */,
				077B600F1AC036C3000AC046 /* UIKit.framework */,
				077B602A1AC036C3000AC046 /* XCTest.framework */,
				902B2624CB2EBF882EE9796B /* libPods-EspTouchDemoUITests.a */,
			);
			name = Frameworks;
			sourceTree = "<group>";
		};
		077B60111AC036C3000AC046 /* EspTouchDemo */ = {
			isa = PBXGroup;
			children = (
				80501D1D216F43C200D32EDC /* EspTouchDemo.entitlements */,
				077B601A1AC036C3000AC046 /* ESPAppDelegate.h */,
				077B601B1AC036C3000AC046 /* ESPAppDelegate.m */,
				077B601D1AC036C3000AC046 /* Main.storyboard */,
				077B60201AC036C3000AC046 /* ESPViewController.h */,
				077B60211AC036C3000AC046 /* ESPViewController.m */,
				077B60231AC036C3000AC046 /* Images.xcassets */,
				077B60121AC036C3000AC046 /* Supporting Files */,
			);
			path = EspTouchDemo;
			sourceTree = "<group>";
		};
		077B60121AC036C3000AC046 /* Supporting Files */ = {
			isa = PBXGroup;
			children = (
				077B60131AC036C3000AC046 /* EspTouchDemo-Info.plist */,
				077B60141AC036C3000AC046 /* InfoPlist.strings */,
				077B60171AC036C3000AC046 /* main.m */,
				077B60191AC036C3000AC046 /* EspTouchDemo-Prefix.pch */,
			);
			name = "Supporting Files";
			sourceTree = "<group>";
		};
		0CD949AE217DC70900E6D3B0 /* EspTouchDemoUITests */ = {
			isa = PBXGroup;
			children = (
				0CD949B8217DC75200E6D3B0 /* SnapshotHelper.swift */,
				0CD949AF217DC70900E6D3B0 /* Screenshots.m */,
				0CD949B1217DC70900E6D3B0 /* Info.plist */,
				0CD949B7217DC75100E6D3B0 /* EspTouchDemoUITests-Bridging-Header.h */,
			);
			path = EspTouchDemoUITests;
			sourceTree = "<group>";
		};
		F6E113577F9B84FBA8D516F1 /* Pods */ = {
			isa = PBXGroup;
			children = (
				C58B90117BD82777E549CBAE /* Pods-EspTouchDemoUITests.debug.xcconfig */,
				E9EEC4A1735E07C63EC6C2B6 /* Pods-EspTouchDemoUITests.release.xcconfig */,
			);
			name = Pods;
			sourceTree = "<group>";
		};
/* End PBXGroup section */

/* Begin PBXNativeTarget section */
		077B60071AC036C3000AC046 /* EspTouchDemo */ = {
			isa = PBXNativeTarget;
			buildConfigurationList = 077B603A1AC036C4000AC046 /* Build configuration list for PBXNativeTarget "EspTouchDemo" */;
			buildPhases = (
				077B60041AC036C3000AC046 /* Sources */,
				077B60051AC036C3000AC046 /* Frameworks */,
				077B60061AC036C3000AC046 /* Resources */,
			);
			buildRules = (
			);
			dependencies = (
			);
			name = EspTouchDemo;
			productName = EspTouchDemo;
			productReference = 077B60081AC036C3000AC046 /* EspTouchDemo.app */;
			productType = "com.apple.product-type.application";
		};
		0CD949AC217DC70900E6D3B0 /* EspTouchDemoUITests */ = {
			isa = PBXNativeTarget;
			buildConfigurationList = 0CD949B4217DC70900E6D3B0 /* Build configuration list for PBXNativeTarget "EspTouchDemoUITests" */;
			buildPhases = (
				5DCBE8257620CAF19957F319 /* [CP] Check Pods Manifest.lock */,
				0CD949A9217DC70900E6D3B0 /* Sources */,
				0CD949AA217DC70900E6D3B0 /* Frameworks */,
				0CD949AB217DC70900E6D3B0 /* Resources */,
				7D2F36E890BECA8EE5EA86D9 /* [CP] Embed Pods Frameworks */,
				D6A09E27A237471C0A6C57B6 /* [CP] Copy Pods Resources */,
			);
			buildRules = (
			);
			dependencies = (
				0CD949B3217DC70900E6D3B0 /* PBXTargetDependency */,
			);
			name = EspTouchDemoUITests;
			productName = EspTouchDemoUITests;
			productReference = 0CD949AD217DC70900E6D3B0 /* EspTouchDemoUITests.xctest */;
			productType = "com.apple.product-type.bundle.ui-testing";
		};
/* End PBXNativeTarget section */

/* Begin PBXProject section */
		077B60001AC036C3000AC046 /* Project object */ = {
			isa = PBXProject;
			attributes = {
				CLASSPREFIX = ESP;
				LastUpgradeCheck = 0930;
				ORGANIZATIONNAME = Espressif;
				TargetAttributes = {
					077B60071AC036C3000AC046 = {
						ProvisioningStyle = Manual;
						SystemCapabilities = {
							com.apple.AccessWiFi = {
								enabled = 1;
							};
						};
					};
					0CD949AC217DC70900E6D3B0 = {
						CreatedOnToolsVersion = 10.0;
						LastSwiftMigration = 1000;
						ProvisioningStyle = Manual;
						TestTargetID = 077B60071AC036C3000AC046;
					};
				};
			};
			buildConfigurationList = 077B60031AC036C3000AC046 /* Build configuration list for PBXProject "EspTouchDemo" */;
			compatibilityVersion = "Xcode 3.2";
			developmentRegion = English;
			hasScannedForEncodings = 0;
			knownRegions = (
				en,
				Base,
			);
			mainGroup = 077B5FFF1AC036C3000AC046;
			productRefGroup = 077B60091AC036C3000AC046 /* Products */;
			projectDirPath = "";
			projectRoot = "";
			targets = (
				077B60071AC036C3000AC046 /* EspTouchDemo */,
				0CD949AC217DC70900E6D3B0 /* EspTouchDemoUITests */,
			);
		};
/* End PBXProject section */

/* Begin PBXResourcesBuildPhase section */
		077B60061AC036C3000AC046 /* Resources */ = {
			isa = PBXResourcesBuildPhase;
			buildActionMask = 2147483647;
			files = (
				077B60241AC036C3000AC046 /* Images.xcassets in Resources */,
				077B60161AC036C3000AC046 /* InfoPlist.strings in Resources */,
				077B601F1AC036C3000AC046 /* Main.storyboard in Resources */,
			);
			runOnlyForDeploymentPostprocessing = 0;
		};
		0CD949AB217DC70900E6D3B0 /* Resources */ = {
			isa = PBXResourcesBuildPhase;
			buildActionMask = 2147483647;
			files = (
			);
			runOnlyForDeploymentPostprocessing = 0;
		};
/* End PBXResourcesBuildPhase section */

/* Begin PBXShellScriptBuildPhase section */
		5DCBE8257620CAF19957F319 /* [CP] Check Pods Manifest.lock */ = {
			isa = PBXShellScriptBuildPhase;
			buildActionMask = 2147483647;
			files = (
			);
			inputPaths = (
				"${PODS_PODFILE_DIR_PATH}/Podfile.lock",
				"${PODS_ROOT}/Manifest.lock",
			);
			name = "[CP] Check Pods Manifest.lock";
			outputPaths = (
				"$(DERIVED_FILE_DIR)/Pods-EspTouchDemoUITests-checkManifestLockResult.txt",
			);
			runOnlyForDeploymentPostprocessing = 0;
			shellPath = /bin/sh;
			shellScript = "diff \"${PODS_PODFILE_DIR_PATH}/Podfile.lock\" \"${PODS_ROOT}/Manifest.lock\" > /dev/null\nif [ $? != 0 ] ; then\n    # print error to STDERR\n    echo \"error: The sandbox is not in sync with the Podfile.lock. Run 'pod install' or update your CocoaPods installation.\" >&2\n    exit 1\nfi\n# This output is used by Xcode 'outputs' to avoid re-running this script phase.\necho \"SUCCESS\" > \"${SCRIPT_OUTPUT_FILE_0}\"\n";
			showEnvVarsInLog = 0;
		};
		7D2F36E890BECA8EE5EA86D9 /* [CP] Embed Pods Frameworks */ = {
			isa = PBXShellScriptBuildPhase;
			buildActionMask = 2147483647;
			files = (
			);
			inputPaths = (
			);
			name = "[CP] Embed Pods Frameworks";
			outputPaths = (
			);
			runOnlyForDeploymentPostprocessing = 0;
			shellPath = /bin/sh;
			shellScript = "\"${SRCROOT}/Pods/Target Support Files/Pods-EspTouchDemoUITests/Pods-EspTouchDemoUITests-frameworks.sh\"\n";
			showEnvVarsInLog = 0;
		};
		D6A09E27A237471C0A6C57B6 /* [CP] Copy Pods Resources */ = {
			isa = PBXShellScriptBuildPhase;
			buildActionMask = 2147483647;
			files = (
			);
			inputPaths = (
			);
			name = "[CP] Copy Pods Resources";
			outputPaths = (
			);
			runOnlyForDeploymentPostprocessing = 0;
			shellPath = /bin/sh;
			shellScript = "\"${SRCROOT}/Pods/Target Support Files/Pods-EspTouchDemoUITests/Pods-EspTouchDemoUITests-resources.sh\"\n";
			showEnvVarsInLog = 0;
		};
/* End PBXShellScriptBuildPhase section */

/* Begin PBXSourcesBuildPhase section */
		077B60041AC036C3000AC046 /* Sources */ = {
			isa = PBXSourcesBuildPhase;
			buildActionMask = 2147483647;
			files = (
				077B60181AC036C3000AC046 /* main.m in Sources */,
				077B601C1AC036C3000AC046 /* ESPAppDelegate.m in Sources */,
				077B60221AC036C3000AC046 /* ESPViewController.m in Sources */,
			);
			runOnlyForDeploymentPostprocessing = 0;
		};
		0CD949A9217DC70900E6D3B0 /* Sources */ = {
			isa = PBXSourcesBuildPhase;
			buildActionMask = 2147483647;
			files = (
				0CD949B0217DC70900E6D3B0 /* Screenshots.m in Sources */,
				0CD949B9217DC75200E6D3B0 /* SnapshotHelper.swift in Sources */,
			);
			runOnlyForDeploymentPostprocessing = 0;
		};
/* End PBXSourcesBuildPhase section */

/* Begin PBXTargetDependency section */
		0CD949B3217DC70900E6D3B0 /* PBXTargetDependency */ = {
			isa = PBXTargetDependency;
			target = 077B60071AC036C3000AC046 /* EspTouchDemo */;
			targetProxy = 0CD949B2217DC70900E6D3B0 /* PBXContainerItemProxy */;
		};
/* End PBXTargetDependency section */

/* Begin PBXVariantGroup section */
		077B60141AC036C3000AC046 /* InfoPlist.strings */ = {
			isa = PBXVariantGroup;
			children = (
				077B60151AC036C3000AC046 /* en */,
			);
			name = InfoPlist.strings;
			sourceTree = "<group>";
		};
		077B601D1AC036C3000AC046 /* Main.storyboard */ = {
			isa = PBXVariantGroup;
			children = (
				077B601E1AC036C3000AC046 /* Base */,
			);
			name = Main.storyboard;
			sourceTree = "<group>";
		};
/* End PBXVariantGroup section */

/* Begin XCBuildConfiguration section */
		077B60381AC036C4000AC046 /* Debug */ = {
			isa = XCBuildConfiguration;
			buildSettings = {
				ALWAYS_SEARCH_USER_PATHS = NO;
				CLANG_CXX_LANGUAGE_STANDARD = "gnu++0x";
				CLANG_CXX_LIBRARY = "libc++";
				CLANG_ENABLE_MODULES = YES;
				CLANG_ENABLE_OBJC_ARC = YES;
				CLANG_WARN_BLOCK_CAPTURE_AUTORELEASING = YES;
				CLANG_WARN_BOOL_CONVERSION = YES;
				CLANG_WARN_COMMA = YES;
				CLANG_WARN_CONSTANT_CONVERSION = YES;
				CLANG_WARN_DEPRECATED_OBJC_IMPLEMENTATIONS = YES;
				CLANG_WARN_DIRECT_OBJC_ISA_USAGE = YES_ERROR;
				CLANG_WARN_EMPTY_BODY = YES;
				CLANG_WARN_ENUM_CONVERSION = YES;
				CLANG_WARN_INFINITE_RECURSION = YES;
				CLANG_WARN_INT_CONVERSION = YES;
				CLANG_WARN_NON_LITERAL_NULL_CONVERSION = YES;
				CLANG_WARN_OBJC_IMPLICIT_RETAIN_SELF = YES;
				CLANG_WARN_OBJC_LITERAL_CONVERSION = YES;
				CLANG_WARN_OBJC_ROOT_CLASS = YES_ERROR;
				CLANG_WARN_RANGE_LOOP_ANALYSIS = YES;
				CLANG_WARN_STRICT_PROTOTYPES = YES;
				CLANG_WARN_SUSPICIOUS_MOVE = YES;
				CLANG_WARN_UNREACHABLE_CODE = YES;
				CLANG_WARN__DUPLICATE_METHOD_MATCH = YES;
				"CODE_SIGN_IDENTITY[sdk=iphoneos*]" = "iPhone Developer";
				COPY_PHASE_STRIP = NO;
				ENABLE_STRICT_OBJC_MSGSEND = YES;
				ENABLE_TESTABILITY = YES;
				GCC_C_LANGUAGE_STANDARD = gnu99;
				GCC_DYNAMIC_NO_PIC = NO;
				GCC_NO_COMMON_BLOCKS = YES;
				GCC_OPTIMIZATION_LEVEL = 0;
				GCC_PREPROCESSOR_DEFINITIONS = (
					"DEBUG=1",
					"$(inherited)",
				);
				GCC_SYMBOLS_PRIVATE_EXTERN = NO;
				GCC_WARN_64_TO_32_BIT_CONVERSION = YES;
				GCC_WARN_ABOUT_RETURN_TYPE = YES_ERROR;
				GCC_WARN_UNDECLARED_SELECTOR = YES;
				GCC_WARN_UNINITIALIZED_AUTOS = YES_AGGRESSIVE;
				GCC_WARN_UNUSED_FUNCTION = YES;
				GCC_WARN_UNUSED_VARIABLE = YES;
				IPHONEOS_DEPLOYMENT_TARGET = 8.0;
				ONLY_ACTIVE_ARCH = YES;
				SDKROOT = iphoneos;
			};
			name = Debug;
		};
		077B60391AC036C4000AC046 /* Release */ = {
			isa = XCBuildConfiguration;
			buildSettings = {
				ALWAYS_SEARCH_USER_PATHS = NO;
				CLANG_CXX_LANGUAGE_STANDARD = "gnu++0x";
				CLANG_CXX_LIBRARY = "libc++";
				CLANG_ENABLE_MODULES = YES;
				CLANG_ENABLE_OBJC_ARC = YES;
				CLANG_WARN_BLOCK_CAPTURE_AUTORELEASING = YES;
				CLANG_WARN_BOOL_CONVERSION = YES;
				CLANG_WARN_COMMA = YES;
				CLANG_WARN_CONSTANT_CONVERSION = YES;
				CLANG_WARN_DEPRECATED_OBJC_IMPLEMENTATIONS = YES;
				CLANG_WARN_DIRECT_OBJC_ISA_USAGE = YES_ERROR;
				CLANG_WARN_EMPTY_BODY = YES;
				CLANG_WARN_ENUM_CONVERSION = YES;
				CLANG_WARN_INFINITE_RECURSION = YES;
				CLANG_WARN_INT_CONVERSION = YES;
				CLANG_WARN_NON_LITERAL_NULL_CONVERSION = YES;
				CLANG_WARN_OBJC_IMPLICIT_RETAIN_SELF = YES;
				CLANG_WARN_OBJC_LITERAL_CONVERSION = YES;
				CLANG_WARN_OBJC_ROOT_CLASS = YES_ERROR;
				CLANG_WARN_RANGE_LOOP_ANALYSIS = YES;
				CLANG_WARN_STRICT_PROTOTYPES = YES;
				CLANG_WARN_SUSPICIOUS_MOVE = YES;
				CLANG_WARN_UNREACHABLE_CODE = YES;
				CLANG_WARN__DUPLICATE_METHOD_MATCH = YES;
				"CODE_SIGN_IDENTITY[sdk=iphoneos*]" = "iPhone Developer";
				COPY_PHASE_STRIP = YES;
				ENABLE_NS_ASSERTIONS = NO;
				ENABLE_STRICT_OBJC_MSGSEND = YES;
				GCC_C_LANGUAGE_STANDARD = gnu99;
				GCC_NO_COMMON_BLOCKS = YES;
				GCC_WARN_64_TO_32_BIT_CONVERSION = YES;
				GCC_WARN_ABOUT_RETURN_TYPE = YES_ERROR;
				GCC_WARN_UNDECLARED_SELECTOR = YES;
				GCC_WARN_UNINITIALIZED_AUTOS = YES_AGGRESSIVE;
				GCC_WARN_UNUSED_FUNCTION = YES;
				GCC_WARN_UNUSED_VARIABLE = YES;
				IPHONEOS_DEPLOYMENT_TARGET = 8.0;
				SDKROOT = iphoneos;
				VALIDATE_PRODUCT = YES;
			};
			name = Release;
		};
		077B603B1AC036C4000AC046 /* Debug */ = {
			isa = XCBuildConfiguration;
			buildSettings = {
				ASSETCATALOG_COMPILER_APPICON_NAME = AppIcon;
				ASSETCATALOG_COMPILER_LAUNCHIMAGE_NAME = LaunchImage;
				CODE_SIGN_ENTITLEMENTS = EspTouchDemo/EspTouchDemo.entitlements;
				CODE_SIGN_IDENTITY = "";
				"CODE_SIGN_IDENTITY[sdk=iphoneos*]" = "iPhone Developer";
				CODE_SIGN_STYLE = Manual;
				DEVELOPMENT_TEAM = "";
				GCC_PRECOMPILE_PREFIX_HEADER = YES;
				GCC_PREFIX_HEADER = "EspTouchDemo/EspTouchDemo-Prefix.pch";
				HEADER_SEARCH_PATHS = $SOURCE_ROOT/include;
				INFOPLIST_FILE = "EspTouchDemo/EspTouchDemo-Info.plist";
				IPHONEOS_DEPLOYMENT_TARGET = 8.0;
				OTHER_LDFLAGS = "-ObjC";
				PRODUCT_BUNDLE_IDENTIFIER = espressif.EspTouchDemo;
				PRODUCT_NAME = EspTouchDemo;
				PROVISIONING_PROFILE = "";
				PROVISIONING_PROFILE_SPECIFIER = "";
				WRAPPER_EXTENSION = app;
			};
			name = Debug;
		};
		077B603C1AC036C4000AC046 /* Release */ = {
			isa = XCBuildConfiguration;
			buildSettings = {
				ASSETCATALOG_COMPILER_APPICON_NAME = AppIcon;
				ASSETCATALOG_COMPILER_LAUNCHIMAGE_NAME = LaunchImage;
				CODE_SIGN_ENTITLEMENTS = EspTouchDemo/EspTouchDemo.entitlements;
				CODE_SIGN_IDENTITY = "";
				"CODE_SIGN_IDENTITY[sdk=iphoneos*]" = "iPhone Developer";
				CODE_SIGN_STYLE = Manual;
				DEVELOPMENT_TEAM = "";
				GCC_PRECOMPILE_PREFIX_HEADER = YES;
				GCC_PREFIX_HEADER = "EspTouchDemo/EspTouchDemo-Prefix.pch";
				HEADER_SEARCH_PATHS = $SOURCE_ROOT/include;
				INFOPLIST_FILE = "EspTouchDemo/EspTouchDemo-Info.plist";
				IPHONEOS_DEPLOYMENT_TARGET = 8.0;
				OTHER_LDFLAGS = "-ObjC";
				PRODUCT_BUNDLE_IDENTIFIER = espressif.EspTouchDemo;
				PRODUCT_NAME = EspTouchDemo;
				PROVISIONING_PROFILE = "";
				PROVISIONING_PROFILE_SPECIFIER = "";
				WRAPPER_EXTENSION = app;
			};
			name = Release;
		};
		0CD949B5217DC70900E6D3B0 /* Debug */ = {
			isa = XCBuildConfiguration;
			baseConfigurationReference = C58B90117BD82777E549CBAE /* Pods-EspTouchDemoUITests.debug.xcconfig */;
			buildSettings = {
				CLANG_ANALYZER_NONNULL = YES;
				CLANG_ANALYZER_NUMBER_OBJECT_CONVERSION = YES_AGGRESSIVE;
				CLANG_CXX_LANGUAGE_STANDARD = "gnu++14";
				CLANG_ENABLE_MODULES = YES;
				CLANG_ENABLE_OBJC_WEAK = YES;
				CLANG_WARN_DOCUMENTATION_COMMENTS = YES;
				CLANG_WARN_UNGUARDED_AVAILABILITY = YES_AGGRESSIVE;
				CODE_SIGN_IDENTITY = "iPhone Developer";
				CODE_SIGN_STYLE = Manual;
				DEBUG_INFORMATION_FORMAT = dwarf;
				DEVELOPMENT_TEAM = "";
				GCC_C_LANGUAGE_STANDARD = gnu11;
				INFOPLIST_FILE = EspTouchDemoUITests/Info.plist;
				IPHONEOS_DEPLOYMENT_TARGET = 12.0;
				LD_RUNPATH_SEARCH_PATHS = "$(inherited) @executable_path/Frameworks @loader_path/Frameworks";
				MTL_ENABLE_DEBUG_INFO = INCLUDE_SOURCE;
				MTL_FAST_MATH = YES;
				PRODUCT_BUNDLE_IDENTIFIER = net.f10.EspTouchDemoUITests;
				PRODUCT_NAME = "$(TARGET_NAME)";
				PROVISIONING_PROFILE_SPECIFIER = "";
				SWIFT_OBJC_BRIDGING_HEADER = "EspTouchDemoUITests/EspTouchDemoUITests-Bridging-Header.h";
				SWIFT_OPTIMIZATION_LEVEL = "-Onone";
				SWIFT_VERSION = 4.2;
				TARGETED_DEVICE_FAMILY = "1,2";
				TEST_TARGET_NAME = EspTouchDemo;
			};
			name = Debug;
		};
		0CD949B6217DC70900E6D3B0 /* Release */ = {
			isa = XCBuildConfiguration;
			baseConfigurationReference = E9EEC4A1735E07C63EC6C2B6 /* Pods-EspTouchDemoUITests.release.xcconfig */;
			buildSettings = {
				CLANG_ANALYZER_NONNULL = YES;
				CLANG_ANALYZER_NUMBER_OBJECT_CONVERSION = YES_AGGRESSIVE;
				CLANG_CXX_LANGUAGE_STANDARD = "gnu++14";
				CLANG_ENABLE_MODULES = YES;
				CLANG_ENABLE_OBJC_WEAK = YES;
				CLANG_WARN_DOCUMENTATION_COMMENTS = YES;
				CLANG_WARN_UNGUARDED_AVAILABILITY = YES_AGGRESSIVE;
				CODE_SIGN_IDENTITY = "iPhone Developer";
				CODE_SIGN_STYLE = Manual;
				COPY_PHASE_STRIP = NO;
				DEBUG_INFORMATION_FORMAT = "dwarf-with-dsym";
				DEVELOPMENT_TEAM = "";
				GCC_C_LANGUAGE_STANDARD = gnu11;
				INFOPLIST_FILE = EspTouchDemoUITests/Info.plist;
				IPHONEOS_DEPLOYMENT_TARGET = 12.0;
				LD_RUNPATH_SEARCH_PATHS = "$(inherited) @executable_path/Frameworks @loader_path/Frameworks";
				MTL_ENABLE_DEBUG_INFO = NO;
				MTL_FAST_MATH = YES;
				PRODUCT_BUNDLE_IDENTIFIER = net.f10.EspTouchDemoUITests;
				PRODUCT_NAME = "$(TARGET_NAME)";
				PROVISIONING_PROFILE_SPECIFIER = "";
				SWIFT_OBJC_BRIDGING_HEADER = "EspTouchDemoUITests/EspTouchDemoUITests-Bridging-Header.h";
				SWIFT_VERSION = 4.2;
				TARGETED_DEVICE_FAMILY = "1,2";
				TEST_TARGET_NAME = EspTouchDemo;
			};
			name = Release;
		};
/* End XCBuildConfiguration section */

/* Begin XCConfigurationList section */
		077B60031AC036C3000AC046 /* Build configuration list for PBXProject "EspTouchDemo" */ = {
			isa = XCConfigurationList;
			buildConfigurations = (
				077B60381AC036C4000AC046 /* Debug */,
				077B60391AC036C4000AC046 /* Release */,
			);
			defaultConfigurationIsVisible = 0;
			defaultConfigurationName = Release;
		};
		077B603A1AC036C4000AC046 /* Build configuration list for PBXNativeTarget "EspTouchDemo" */ = {
			isa = XCConfigurationList;
			buildConfigurations = (
				077B603B1AC036C4000AC046 /* Debug */,
				077B603C1AC036C4000AC046 /* Release */,
			);
			defaultConfigurationIsVisible = 0;
			defaultConfigurationName = Release;
		};
		0CD949B4217DC70900E6D3B0 /* Build configuration list for PBXNativeTarget "EspTouchDemoUITests" */ = {
			isa = XCConfigurationList;
			buildConfigurations = (
				0CD949B5217DC70900E6D3B0 /* Debug */,
				0CD949B6217DC70900E6D3B0 /* Release */,
			);
			defaultConfigurationIsVisible = 0;
			defaultConfigurationName = Release;
		};
/* End XCConfigurationList section */
	};
	rootObject = 077B60001AC036C3000AC046 /* Project object */;
}
